{
  "name": "constraint-list-builder-example",
  "version": "1.0.0",
  "lockfileVersion": 1,
  "requires": true,
  "dependencies": {
    "constraint-list-builder": {
      "version": "1.0.16",
      "resolved": "https://registry.npmjs.org/constraint-list-builder/-/constraint-list-builder-1.0.16.tgz",
      "integrity": "sha512-kN/146XiLQ7E53DL2vWIRR5P26J+CAciwJebRrm/l7PtAaGEoMsjm8j5he032R40iY5jONoNGZZc9jhAwf4RVg=="
    },
    "typescript": {
      "version": "2.7.1",
      "resolved": "https://registry.npmjs.org/typescript/-/typescript-2.7.1.tgz",
      "integrity": "sha512-bqB1yS6o9TNA9ZC/MJxM0FZzPnZdtHj0xWK/IZ5khzVqdpGul/R/EIiHRgFXlwTD7PSIaYVnGKq1QgMCu2mnqw=="
    }
  }
}
