{
  "name": "constraint-list-builder-example",
  "version": "1.0.0",
  "lockfileVersion": 1,
  "requires": true,
  "dependencies": {
    "constraint-list-builder": {
      "version": "1.0.13",
      "resolved": "https://registry.npmjs.org/constraint-list-builder/-/constraint-list-builder-1.0.13.tgz",
      "integrity": "sha512-isDO+qg9r4fphKGPOwNBVKLqjTUXdlMYO+dg0T7w6nJ7Zn2o/E4tJvOngCEdVWD1qIS+KOmiMnhy/hPkiMAyKg=="
    },
    "typescript": {
      "version": "2.6.2",
      "resolved": "https://registry.npmjs.org/typescript/-/typescript-2.6.2.tgz",
      "integrity": "sha1-PFtv1/beCRQmkCfwPAlGdY92c6Q="
    }
  }
}
